
Microsoft Visual Studio Solution File, Format Version 12.00
# Visual Studio 15
VisualStudioVersion = 15.0.27130.2024
MinimumVisualStudioVersion = 10.0.40219.1
Project("{FAE04EC0-301F-11D3-BF4B-00C04F79EFBC}") = "randomstr", "randomstr\randomstr.csproj", "{02781AF7-E361-47C5-A246-0A5F36FF1E43}"
EndProject
Global
	GlobalSection(SolutionConfigurationPlatforms) = preSolution
		Debug|Any CPU = Debug|Any CPU
		Release|Any CPU = Release|Any CPU
	EndGlobalSection
	GlobalSection(ProjectConfigurationPlatforms) = postSolution
		{02781AF7-E361-47C5-A246-0A5F36FF1E43}.Debug|Any CPU.ActiveCfg = Debug|Any CPU
		{02781AF7-E361-47C5-A246-0A5F36FF1E43}.Debug|Any CPU.Build.0 = Debug|Any CPU
		{02781AF7-E361-47C5-A246-0A5F36FF1E43}.Release|Any CPU.ActiveCfg = Release|Any CPU
		{02781AF7-E361-47C5-A246-0A5F36FF1E43}.Release|Any CPU.Build.0 = Release|Any CPU
	EndGlobalSection
	GlobalSection(SolutionProperties) = preSolution
		HideSolutionNode = FALSE
	EndGlobalSection
	GlobalSection(ExtensibilityGlobals) = postSolution
		SolutionGuid = {2C5A06EC-AAA5-467E-8BB9-FDB2B8366652}
	EndGlobalSection
EndGlobal
